
Microsoft Visual Studio Solution File, Format Version 12.00
# Visual Studio Version 16
VisualStudioVersion = 16.0.29613.14
MinimumVisualStudioVersion = 10.0.40219.1
Project("{FAE04EC0-301F-11D3-BF4B-00C04F79EFBC}") = "Media Bazaar app", "Media Bazaar app\Media Bazaar app.csproj", "{F5B841F9-6806-4FA4-9EBE-60336324F1A4}"
EndProject
Project("{2150E333-8FDC-42A3-9474-1A3956D46DE8}") = "Solution Items", "Solution Items", "{72FD61B5-490B-4984-873F-9866943CC303}"
	ProjectSection(SolutionItems) = preProject
		.editorconfig = .editorconfig
	EndProjectSection
EndProject
Project("{FAE04EC0-301F-11D3-BF4B-00C04F79EFBC}") = "ScheduleTesting", "ScheduleTesting\ScheduleTesting.csproj", "{051195D2-818D-4A44-8039-1D4DECFC950A}"
EndProject
Global
	GlobalSection(SolutionConfigurationPlatforms) = preSolution
		Debug|Any CPU = Debug|Any CPU
		Release|Any CPU = Release|Any CPU
	EndGlobalSection
	GlobalSection(ProjectConfigurationPlatforms) = postSolution
		{F5B841F9-6806-4FA4-9EBE-60336324F1A4}.Debug|Any CPU.ActiveCfg = Debug|Any CPU
		{F5B841F9-6806-4FA4-9EBE-60336324F1A4}.Debug|Any CPU.Build.0 = Debug|Any CPU
		{F5B841F9-6806-4FA4-9EBE-60336324F1A4}.Release|Any CPU.ActiveCfg = Release|Any CPU
		{F5B841F9-6806-4FA4-9EBE-60336324F1A4}.Release|Any CPU.Build.0 = Release|Any CPU
		{051195D2-818D-4A44-8039-1D4DECFC950A}.Debug|Any CPU.ActiveCfg = Debug|Any CPU
		{051195D2-818D-4A44-8039-1D4DECFC950A}.Debug|Any CPU.Build.0 = Debug|Any CPU
		{051195D2-818D-4A44-8039-1D4DECFC950A}.Release|Any CPU.ActiveCfg = Release|Any CPU
		{051195D2-818D-4A44-8039-1D4DECFC950A}.Release|Any CPU.Build.0 = Release|Any CPU
	EndGlobalSection
	GlobalSection(SolutionProperties) = preSolution
		HideSolutionNode = FALSE
	EndGlobalSection
	GlobalSection(ExtensibilityGlobals) = postSolution
		SolutionGuid = {69FE9165-EE91-4C68-B356-03DD5A8F2A99}
	EndGlobalSection
EndGlobal
